{
  "nodes": {
    "nixpkgs": {
      "locked": {
        "lastModified": 1733212471,
        "narHash": "sha256-M1+uCoV5igihRfcUKrr1riygbe73/dzNnzPsmaLCmpo=",
        "owner": "NixOS",
        "repo": "nixpkgs",
        "rev": "55d15ad12a74eb7d4646254e13638ad0c4128776",
        "type": "github"
      },
      "original": {
        "owner": "NixOS",
        "ref": "nixos-unstable",
        "repo": "nixpkgs",
        "type": "github"
      }
    },
    "pyproject-build-systems": {
      "inputs": {
        "nixpkgs": [
          "nixpkgs"
        ],
        "pyproject-nix": [
          "pyproject-nix"
        ],
        "uv2nix": [
          "uv2nix"
        ]
      },
      "locked": {
        "lastModified": 1733287111,
        "narHash": "sha256-uEEheM/P80iyHtvSwbFDKz9NCn64MNL6udFTF2LZVsI=",
        "owner": "pyproject-nix",
        "repo": "build-system-pkgs",
        "rev": "29a7de3ae7656ad36195b014a1bb6a84245aff05",
        "type": "github"
      },
      "original": {
        "owner": "pyproject-nix",
        "repo": "build-system-pkgs",
        "type": "github"
      }
    },
    "pyproject-nix": {
      "inputs": {
        "nixpkgs": [
          "nixpkgs"
        ]
      },
      "locked": {
        "lastModified": 1733367175,
        "narHash": "sha256-GKpUvf9CBOkKurMvBihvzbhZjx3Z7Utr1d4AZ9zgb+U=",
        "owner": "pyproject-nix",
        "repo": "pyproject.nix",
        "rev": "6aadf21149c886376ee5656d2cab421ecd8906a7",
        "type": "github"
      },
      "original": {
        "owner": "pyproject-nix",
        "repo": "pyproject.nix",
        "type": "github"
      }
    },
    "root": {
      "inputs": {
        "nixpkgs": "nixpkgs",
        "pyproject-build-systems": "pyproject-build-systems",
        "pyproject-nix": "pyproject-nix",
        "uv2nix": "uv2nix"
      }
    },
    "uv2nix": {
      "inputs": {
        "nixpkgs": [
          "nixpkgs"
        ],
        "pyproject-nix": [
          "pyproject-nix"
        ]
      },
      "locked": {
        "lastModified": 1733322188,
        "narHash": "sha256-2NgSaBF/3bJjIt1RCnptoV9C7CiJkMmf7gGLR04F5pg=",
        "owner": "pyproject-nix",
        "repo": "uv2nix",
        "rev": "b3dc9415c08266d4fa92ad45d70bcf233aa3a998",
        "type": "github"
      },
      "original": {
        "owner": "pyproject-nix",
        "repo": "uv2nix",
        "type": "github"
      }
    }
  },
  "root": "root",
  "version": 7
}
